<?xml version="1.0" encoding="utf-8"?>
<Project ToolsVersion="4.0" xmlns="http://schemas.microsoft.com/developer/msbuild/2003">
  <ItemGroup>
    <ClCompile Include="..\Analyse\CardinalPoints.cpp" />
    <ClCompile Include="..\Analyse\OpticalPathDifferende.cpp" />
    <ClCompile Include="..\Analyse\Spot.cpp" />
    <ClCompile Include="..\benchmark\BenchAnalyse\BechmarkExipPupilCalculation.cpp" />
    <ClCompile Include="..\benchmark\ComplexOptSys\BenchmarkComplexOptSys.cpp" />
    <ClCompile Include="..\benchmark\Element\OpticalSystemElement\BenchOpticalSystemElement.cpp" />
    <ClCompile Include="..\benchmark\Element\SphericalElement\BechnSpehricalElemtn.cpp" />
    <ClCompile Include="..\benchmark\Plot\BenchmarkPlotOPD.cpp" />
    <ClCompile Include="..\benchmark\Plot\BenchmarkPlotSpotDiagram.cpp" />
    <ClCompile Include="..\benchmark\Plot\BenchPlot2D.cpp" />
    <ClCompile Include="..\benchmark\SequentialRayTracer\BenchmarkSequentialRayTracer.cpp" />
    <ClCompile Include="..\benchmark\Spot\BenchmarkeSpot.cpp" />
    <ClCompile Include="..\benchmark\ZemaxExamples\Objectives\Cooke40DegreeField.cpp" />
    <ClCompile Include="..\benchmark\ZemaxExamples\Objectives\DoubleGauss5DegreeField.cpp" />
    <ClCompile Include="..\Glasses\GlassDispersionFormulas\MaterialSellmeier1.cpp" />
    <ClCompile Include="..\LensCatalog\EdmundOptics\EdmundOpticsLensCatalog.cpp" />
    <ClCompile Include="..\LensElements\LensesThreeSurfaces.cpp" />
    <ClCompile Include="..\LensElements\LensesTwoSurfaces.cpp" />
    <ClCompile Include="..\LowLevelTracing\BaseTransformation_LLT.cpp" />
    <ClCompile Include="..\LowLevelTracing\Interaction\Absorb_LLT.cpp" />
    <ClCompile Include="..\LowLevelTracing\Interaction\DeflectedRayParaxialLens_LLT.cpp" />
    <ClCompile Include="..\LowLevelTracing\Interaction\DoNothingInteraction_LLT.cpp" />
    <ClCompile Include="..\LowLevelTracing\Interaction\InteractionRay_LLT.cpp" />
    <ClCompile Include="..\LowLevelTracing\Interaction\ReflectionRay_LLT.cpp" />
    <ClCompile Include="..\LowLevelTracing\Interaction\RefractedRay_LLT.cpp" />
    <ClCompile Include="..\LowLevelTracing\OpticalSystem_LLT.cpp" />
    <ClCompile Include="..\LowLevelTracing\Surfaces\ApertureStop_LLT.cpp" />
    <ClCompile Include="..\LowLevelTracing\Surfaces\AsphericalSurface_LLT.cpp" />
    <ClCompile Include="..\LowLevelTracing\Surfaces\ParaxialLens_LLT.cpp" />
    <ClCompile Include="..\LowLevelTracing\Surfaces\PlanGeometry_LLT.cpp" />
    <ClCompile Include="..\LowLevelTracing\Surfaces\SphericalSurface_LLT.cpp" />
    <ClCompile Include="..\OptimizeSystem\OptimizeOpticalSystem.cpp" />
    <ClCompile Include="..\Plot\Plot.cpp" />
    <ClCompile Include="..\Plot\Plot2D.cpp" />
    <ClCompile Include="..\Plot\PlotOPD.cpp" />
    <ClCompile Include="..\Plot\PlotSpotDiagram.cpp" />
    <ClCompile Include="..\LowLevelTracing\ImportantStructures.cpp" />
    <ClCompile Include="..\LowLevelTracing\Light_LLT.cpp" />
    <ClCompile Include="..\LowLevelTracing\main_LLT.cpp" />
    <ClCompile Include="..\LowLevelTracing\Ray_LLT.cpp" />
    <ClCompile Include="..\LowLevelTracing\Math_LLT.cpp" />
    <ClCompile Include="..\SurfaceElements\AsphericalElement.cpp" />
    <ClCompile Include="..\SurfaceElements\PlanElement.cpp" />
    <ClCompile Include="..\SurfaceElements\SphericalElement.cpp" />
    <ClCompile Include="..\benchmark\Optimizer\BenchmarkZemaxTest.cpp" />
    <ClCompile Include="..\benchmark\RMScalculation\testRMS_spot.cpp" />
    <ClCompile Include="..\benchmark\testImages\testImages.cpp" />
    <ClCompile Include="..\benchmark\testImageProcessing\TestImageProcessing.cpp" />
    <ClCompile Include="..\benchmark\testImproveImageQuality\testImproveImageQuality.cpp" />
    <ClCompile Include="..\benchmark\testCompareTwoImages\testCompareTwoImagesAndImprove.cpp" />
    <ClCompile Include="..\SurfaceElements\ApertureStopElement.cpp" />
    <ClCompile Include="..\Analyse\SeidelCoefficients.cpp" />
    <ClCompile Include="..\benchmark\testSeidelCoefficients\testSeidelCoefficients.cpp" />
    <ClCompile Include="..\LensElements\AsphericalLensTwoSurfaces.cpp" />
    <ClCompile Include="..\benchmark\testOptimizer_Paper\testOptimizer_Paper_P0.cpp" />
    <ClCompile Include="..\benchmark\testOptimizer_Paper\testOptimizer_Paper_P1.cpp" />
    <ClCompile Include="..\benchmark\nonLinearityRMS_SpotRadius\nonLinearityRMS_SpotRadiuscpp.cpp" />
    <ClCompile Include="..\benchmark\Optimizer\localOptimizer\testLocalOptimizer_BM.cpp" />
    <ClCompile Include="..\benchmark\Optimizer\testBuildSysForCombination.cpp" />
    <ClCompile Include="..\benchmark\testCalculateParaxialDistances\testCalculateParaxialDistances.cpp" />
    <ClCompile Include="..\OptimizeSystem\BuildSystemsForCombination.cpp" />
    <ClCompile Include="..\OptimizeSystem\calculateParaxialDistances.cpp" />
    <ClCompile Include="..\benchmark\testQwtPlots\testOPDQwtPlot.cpp" />
    <ClCompile Include="..\benchmark\testQwtPlots\TestRayTracingQwtPlot.cpp" />
    <ClCompile Include="..\benchmark\testQwtPlots\TestSpotDiagramQwtPlot.cpp" />
    <ClCompile Include="..\OptimizeSystem\EvaluateManyOptSystems_ParaxialDistances.cpp" />
    <ClCompile Include="..\OptimizeSystem\EvaluateManyOptSystems_SeidelCoef.cpp" />
    <ClCompile Include="..\benchmark\testSeidelCombinations\testSeidelCombinations.cpp" />
    <ClCompile Include="..\lensReplace\LensReplace.cpp" />
    <ClCompile Include="..\benchmark\testSystemsPeterMA\testAchromatPerforAndAccuracy.cpp" />
    <ClCompile Include="..\benchmark\testSystemsPeterMA\testSystemsPeterMA.cpp" />
    <ClCompile Include="..\benchmark\testCalcCombinationVector\testCalcCombinationVector_Paraxial.cpp" />
    <ClCompile Include="..\benchmark\testCalcCombinationVector\testCalcCombinationVector_Seidel.cpp" />
    <ClCompile Include="..\benchmark\testEvaluateManyOptSys_RayTracing\testEvaluateManyOptSys_RayTracing.cpp" />
    <ClCompile Include="..\OptimizeSystem\EvaluateManyOptSys_RayTracing.cpp" />
    <ClCompile Include="..\benchmark\IOC2020_Dresten\IOC2020_Dresden.cpp" />
    <ClCompile Include="..\Image\Images.cpp" />
    <ClCompile Include="..\Image\ImproveImageQuality.cpp" />
    <ClCompile Include="..\Inport_Export_Data\Inport_Export_Data.cpp" />
    <ClCompile Include="..\OpticalSystemElement\OpticalSystemElement.cpp" />
    <ClCompile Include="..\RayAiming\RayAiming.cpp" />
    <ClCompile Include="..\SequentialRayTracing\SequentialRayTracer.cpp" />
    <ClCompile Include="..\Glasses\Glasses.cpp" />
    <ClCompile Include="..\ImageProcessing\ImageProcessing.cpp" />
    <ClCompile Include="..\CompareTwoImagesAndImprove\CompareTwoImagesAndImprove.cpp" />
    <ClCompile Include="..\FillAptertureStop\FillApertureStop.cpp" />
    <ClCompile Include="..\TOM(Logo)\TOM(LOGO).cpp" />
    <ClCompile Include="..\Plot\QwtPloItems.cpp" />
    <ClCompile Include="..\Plot\PlotParameterQwt.cpp" />
    <ClCompile Include="..\Plot\PlotRayFan.cpp" />
    <ClCompile Include="..\Analyse\RayFan.cpp" />
    <ClCompile Include="..\benchmark\testQwtPlots\testRayFanQwtPlot.cpp" />
    <ClCompile Include="..\Plot\PlotQwt.cpp" />
    <ClCompile Include="..\benchmark\Optikkreis\Optikkreis.cpp" />
    <ClCompile Include="..\oftenUseNamespace\oftenUseNamespace.cpp" />
    <ClCompile Include="..\OptimizeSystem\DampedLeastSquares.cpp" />
    <ClCompile Include="..\tests\DLSmulticheck\DLSmulticheck.cpp" />
    <ClCompile Include="..\OptimizeSystem\Genetic.cpp" />
    <ClCompile Include="..\tests\TestGenetic\TestGenetic.cpp" />
    <ClCompile Include="..\OptimizeSystem\importantOptimizeStructs.cpp" />
    <ClCompile Include="..\benchmark\benachRayTracing\benchRayTracing.cpp" />
    <ClCompile Include="..\LowLevelTracing\SurfaceIntersectionRay_LLT.cpp" />
    <ClCompile Include="..\tests\testAsphericalSurface_LLT\testAsphericalSurface_LLT.cpp" />
    <ClCompile Include="..\tests\testFillAS\testFillAS.cpp" />
    <ClCompile Include="..\tests\testMath\testMath.cpp" />
    <ClCompile Include="..\tests\ManagementTests\managementTests.cpp" />
    <ClCompile Include="..\tests\testApertureStop\testApertureStop.cpp" />
    <ClCompile Include="..\LowLevelTracing\JonesVector.cpp" />
    <ClCompile Include="..\tests\testLensCatalog\testLensCatalogEO.cpp" />
    <ClCompile Include="..\tests\testSphericalSurface\testSphericalSurface_LLT.cpp" />
    <ClCompile Include="..\benchmark\benchGeneticAndDLS\benchGeneticAndDLS.cpp" />
    <ClCompile Include="..\tests\testGlasses\testGlasses.cpp" />
    <ClCompile Include="..\tests\testParaxialLens_LLT\testParaxialLens_LLT.cpp" />
    <ClCompile Include="..\tests\testPlanGeometry\testPlanSurface.cpp" />
    <ClCompile Include="..\benchmark\managementBenchmark\managementBenchmark.cpp" />
    <ClCompile Include="..\OptimizeSystem\OptimizeSystemSuperFct_GeneticAndDLS.cpp" />
    <ClCompile Include="..\tests\testOptimizeSystemSuperFct_GeneticAndDLS\testOptimizeSystemSuperFct_GeneticAndDLS.cpp" />
    <ClCompile Include="..\OptimizeSystem\multiThreads\DLS_multiThreads12.cpp" />
    <ClCompile Include="..\tests\testDLS_multiThreads_12\testDLS_multiThreads_12.cpp" />
    <ClCompile Include="..\tests\testCardinalPoints\testCardinalPoints.cpp" />
    <ClCompile Include="..\tests\testRayAiming\testRayAiming.cpp" />
    <ClCompile Include="..\RayAiming\RayAimingSuperFct.cpp" />
    <ClCompile Include="..\tests\testRayAimingSuperFct\testRayAiming_multiThreads_12.cpp" />
    <ClCompile Include="..\tests\testDLS\testDLS.cpp" />
    <ClCompile Include="..\tests\testLensReplace\testLensReplace.cpp" />
    <ClCompile Include="..\tests\testOPD\testOPD.cpp" />
    <ClCompile Include="..\tests\testGlobalOPD\TestGlobalOPD.cpp" />
    <ClCompile Include="..\Plot\OpticalSystemPlots.cpp" />
    <ClCompile Include="..\benchmark\testQwtPlots\BenchmarkOpticalSystemAllSurfaces.cpp" />
    <ClCompile Include="..\LowLevelTracing\Interaction\TraceLightRayBack.cpp" />
    <ClCompile Include="..\tests\testImageSimulation\testImageSimulation.cpp" />
    <ClCompile Include="..\Point-Spread Function\Point-Spread Function.cpp" />
    <ClCompile Include="..\tests\testPSF\testPSF.cpp" />
    <ClCompile Include="..\Image\ImageSimulation.cpp" />
  </ItemGroup>
  <ItemGroup>
    <ClInclude Include="..\Analyse\CardinalPoints.h" />
    <ClInclude Include="..\Analyse\OpticalPathDifference.h" />
    <ClInclude Include="..\Analyse\Spot.h" />
    <ClInclude Include="..\benchmark\BenchAnalyse\BenchmarkExitPupilCalculation.h" />
    <ClInclude Include="..\benchmark\ComplexOptSys\BenchmarkComplexOptSys.h" />
    <ClInclude Include="..\benchmark\Element\OpticalSystemElement\BenchOpticalSystemElement.h" />
    <ClInclude Include="..\benchmark\Element\SphericalElement\BenchSphericalElement.h" />
    <ClInclude Include="..\benchmark\Plot\BenchPlot2D.h" />
    <ClInclude Include="..\benchmark\Plot\BenchPlotOPD.h" />
    <ClInclude Include="..\benchmark\Plot\BenchPlotSpotDiagram.h" />
    <ClInclude Include="..\benchmark\SequentialRayTracer\BenchmarkSequentialRayTracer.h" />
    <ClInclude Include="..\benchmark\Spot\BenchmarkSpot.h" />
    <ClInclude Include="..\benchmark\ZemaxExamples\Objectives\Cooke40DegreeField.h" />
    <ClInclude Include="..\benchmark\ZemaxExamples\Objectives\DoubleGauss5DegreeField.h" />
    <ClInclude Include="..\Glasses\GlassDispersionFormulas\MaterialSellmeier1.h" />
    <ClInclude Include="..\LensCatalog\EdmundOptics\EdmundOpticsLensCatalog.h" />
    <ClInclude Include="..\LensElements\LensesTwoSurfaces.h" />
    <ClInclude Include="..\LensElements\LensesThreeSurfaces.h" />
    <ClInclude Include="..\LowLevelTracing\BaseTransformation_LLT.h" />
    <ClInclude Include="..\LowLevelTracing\Interaction\Absorb_LLT.h" />
    <ClInclude Include="..\LowLevelTracing\Interaction\DeflectedRayParaxialLens_LLT.h" />
    <ClInclude Include="..\LowLevelTracing\Interaction\DoNothingInteraction_LLT.h" />
    <ClInclude Include="..\LowLevelTracing\Interaction\InteractionRay_LLT.h" />
    <ClInclude Include="..\LowLevelTracing\Interaction\ReflectionRay_LLT.h" />
    <ClInclude Include="..\LowLevelTracing\Interaction\RefractedRay_LLT.h" />
    <ClInclude Include="..\LowLevelTracing\LLT_Package.h" />
    <ClInclude Include="..\LowLevelTracing\OpticalSystem_LLT.h" />
    <ClInclude Include="..\LowLevelTracing\Surfaces\ApertureStop_LLT.h" />
    <ClInclude Include="..\LowLevelTracing\Surfaces\AsphericalSurface_LLT.h" />
    <ClInclude Include="..\LowLevelTracing\Surfaces\ParaxialLens_LLT.h" />
    <ClInclude Include="..\LowLevelTracing\Surfaces\PlanGeometry_LLT.h" />
    <ClInclude Include="..\LowLevelTracing\Surfaces\SphericalSurface_LLT.h" />
    <ClInclude Include="..\Plot\Plot.h" />
    <ClInclude Include="..\Plot\Plot2D.h" />
    <ClInclude Include="..\Plot\PlotOPD.h" />
    <ClInclude Include="..\Plot\PlotSpotDiagram.h" />
    <ClInclude Include="..\LowLevelTracing\ImportantStructures.h" />
    <ClInclude Include="..\LowLevelTracing\JonesVector.h" />
    <ClInclude Include="..\LowLevelTracing\Light_LLT.h" />
    <ClInclude Include="..\LowLevelTracing\SurfaceIntersectionRay_LLT.h" />
    <ClInclude Include="..\LowLevelTracing\Ray_LLT.h" />
    <ClInclude Include="..\LowLevelTracing\Math_LLT.h" />
    <ClInclude Include="..\SurfaceElements\AsphericalElement.h" />
    <ClInclude Include="..\SurfaceElements\PlanElement.h" />
    <ClInclude Include="..\SurfaceElements\SphericalElement.h" />
    <ClInclude Include="..\benchmark\Optimizer\BenchmarkZemaxTest.h" />
    <ClInclude Include="..\benchmark\RMScalculation\testRMS_Spot.h" />
    <ClInclude Include="..\benchmark\testImages\testImages.h" />
    <ClInclude Include="..\benchmark\testImageProcessing\TestImageProcessing.h" />
    <ClInclude Include="..\benchmark\testImproveImageQuality\testImproveImageQuality.h" />
    <ClInclude Include="..\benchmark\testCompareTwoImages\testCompareTwoImagesAndImprove.h" />
    <ClInclude Include="..\SurfaceElements\ApertureStopElement.h" />
    <ClInclude Include="..\Analyse\Seidel Coefficients.h" />
    <ClInclude Include="..\benchmark\testSeidelCoefficients\testSeidelCoefficients.h" />
    <ClInclude Include="..\OptimizeSystem\OptimizeOpticalSystem.h" />
    <ClInclude Include="..\LensElements\AsphericalLensTwoSurfaces.h" />
    <ClInclude Include="..\benchmark\testOptimizer_Paper\testOptimizer_Paper_P0.h" />
    <ClInclude Include="..\benchmark\testOptimizer_Paper\testOptimizer_Paper_P1.h" />
    <ClInclude Include="..\benchmark\nonLinearityRMS_SpotRadius\nonLinearityRMS_SpotRadius.h" />
    <ClInclude Include="..\benchmark\Optimizer\localOptimizer\testLocalOptimizer_BM.h" />
    <ClInclude Include="..\benchmark\Optimizer\testBuildSysForCombination.h" />
    <ClInclude Include="..\benchmark\testCalculateParaxialDistances\testCalculateParaxialDistances.h" />
    <ClInclude Include="..\OptimizeSystem\BuildSystemsForCombination.h" />
    <ClInclude Include="..\OptimizeSystem\calculateParaxialDistances.h" />
    <ClInclude Include="..\benchmark\testQwtPlots\testOPDQwtPlot.h" />
    <ClInclude Include="..\benchmark\testQwtPlots\TestRayTracingQwtPlot.h" />
    <ClInclude Include="..\benchmark\testQwtPlots\TestSpotDiagramQwtPlot.h" />
    <ClInclude Include="..\OptimizeSystem\EvaluateManyOptSystems_ParaxialDistances.h" />
    <ClInclude Include="..\OptimizeSystem\EvaluateManyOptSystems_SeidelCoef.h" />
    <ClInclude Include="..\benchmark\testSeidelCombinations\testSeidelCombinations.h" />
    <ClInclude Include="..\lensReplace\LensReplace.h" />
    <ClInclude Include="..\benchmark\testSystemsPeterMA\testAchromatPerforAndAccuracy.h" />
    <ClInclude Include="..\benchmark\testSystemsPeterMA\testSystemsPeterMA.h" />
    <ClInclude Include="..\benchmark\testCalcCombinationVector\testCalcCombinationVector_Paraxial.h" />
    <ClInclude Include="..\benchmark\testCalcCombinationVector\testCalcCombinationVector_Seidel.h" />
    <ClInclude Include="..\benchmark\testEvaluateManyOptSys_RayTracing\testEvaluateManyOptSys_RayTracing.h" />
    <ClInclude Include="..\OptimizeSystem\EvaluateManyOptSystems_RayTracing.h" />
    <ClInclude Include="..\benchmark\IOC2020_Dresten\IOC2020_Dresden.h" />
    <ClInclude Include="..\Image\Images.h" />
    <ClInclude Include="..\Image\ImproveImageQuality.h" />
    <ClInclude Include="..\Image\ImageSimulationHeader.h" />
    <ClInclude Include="..\Inport_Export_Data\Inport_Export_Data.h" />
    <ClInclude Include="..\OpticalSystemElement\OpticalSystemElement.h" />
    <ClInclude Include="..\RayAiming\RayAiming.h" />
    <ClInclude Include="..\SequentialRayTracing\SequentialRayTracer.h" />
    <ClInclude Include="..\basicdefinition\basicdefinitions.h" />
    <ClInclude Include="..\Glasses\Glasses.h" />
    <ClInclude Include="..\ImageProcessing\ImageProcessing.h" />
    <ClInclude Include="..\CompareTwoImagesAndImprove\CompareTwoImagesAndImprove.h" />
    <ClInclude Include="..\Element\Element_CR.h" />
    <ClInclude Include="..\FillAptertureStop\FillApertureStop.h" />
    <ClInclude Include="..\Parameter\parameter.h" />
    <ClInclude Include="..\TOM(Logo)\TOM(Logo).h" />
    <ClInclude Include="..\Plot\QwtPloItems.h" />
    <ClInclude Include="..\Plot\PlotParameterQwt.h" />
    <ClInclude Include="..\Plot\PlotRayFan.h" />
    <ClInclude Include="..\Analyse\RayFan.h" />
    <ClInclude Include="..\benchmark\testQwtPlots\testRayFanQwtPlot.h" />
    <ClInclude Include="..\Plot\PlotQwt.h" />
    <ClInclude Include="..\benchmark\Optikkreis\Optikkreis.h" />
    <ClInclude Include="..\oftenUseNamespace\oftenUseNamespace.h" />
    <ClInclude Include="..\OptimizeSystem\DampedLeastSquares.h" />
    <ClInclude Include="..\tests\DLSmulticheck\DLSmulticheck.h" />
    <ClInclude Include="..\OptimizeSystem\Genetic.h" />
    <ClInclude Include="..\tests\TestGenetic\TestGenetic.h" />
    <ClInclude Include="..\OptimizeSystem\importantOptimizeStructs.h" />
    <ClInclude Include="..\benchmark\benachRayTracing\benchRayTracing.h" />
    <ClInclude Include="..\tests\testAsphericalSurface_LLT\testAsphericalSurface_LLT.h" />
    <ClInclude Include="..\tests\testFillAS\testFillAS.h" />
    <ClInclude Include="..\tests\testMath\testMath.h" />
    <ClInclude Include="..\tests\ManagementTests\managementTests.h" />
    <ClInclude Include="..\tests\testApertureStop\testApertureStop.h" />
    <ClInclude Include="..\tests\testLensCatalog\testLensCatalogEO.h" />
    <ClInclude Include="..\tests\testSphericalSurface\testSphericalSurface_LLT.h" />
    <ClInclude Include="..\benchmark\benchGeneticAndDLS\benchGeneticAndDLS.h" />
    <ClInclude Include="..\tests\testGlasses\testGlasses.h" />
    <ClInclude Include="..\tests\testParaxialLens_LLT\testParaxialLens_LLT.h" />
    <ClInclude Include="..\tests\testPlanGeometry\testPlanSurface.h" />
    <ClInclude Include="..\benchmark\managementBenchmark\managementBenchmark.h" />
    <ClInclude Include="..\OptimizeSystem\OptimizeSystemSuperFct_GeneticAndDLS.h" />
    <ClInclude Include="..\tests\testOptimizeSystemSuperFct_GeneticAndDLS\testOptimizeSystemSuperFct_GeneticAndDLS.h" />
    <ClInclude Include="..\OptimizeSystem\multiThreads\DLS_mulitThreads12.h" />
    <ClInclude Include="..\tests\testDLS_multiThreads_12\testDLS_multiThreads_12.h" />
    <ClInclude Include="..\tests\testCardinalPoints\testCardinalPoints.h" />
    <ClInclude Include="..\tests\testRayAiming\testRayAiming.h" />
    <ClInclude Include="..\RayAiming\RayAimingSuperFct.h" />
    <ClInclude Include="..\tests\testRayAimingSuperFct\testRayAiming_multiThreads_12.h" />
    <ClInclude Include="..\tests\testDLS\testDLS.h" />
    <ClInclude Include="..\tests\testLensReplace\testLenseReplace.h" />
    <ClInclude Include="..\tests\testOPD\testOPD.h" />
    <ClInclude Include="..\tests\testGlobalOPD\TestGlobalOPD.h" />
    <ClInclude Include="..\Plot\OpticalSystemPlots.h" />
    <ClInclude Include="..\benchmark\testQwtPlots\BenchmarkOpticalSystemAllSurfaces.h" />
    <ClInclude Include="..\LowLevelTracing\Interaction\TraceLightRayBack.h" />
    <ClInclude Include="..\tests\testImageSimulation\testImageSimulation.h" />
    <ClInclude Include="..\Point-Spread Function\Point-Spread Function.h" />
    <ClInclude Include="..\tests\testPSF\testPSF.h" />
    <ClInclude Include="..\Image\ImageSimulation.h" />
  </ItemGroup>
</Project>